github.com/gregoryv/asserter v0.1.0/go.mod h1:iLD46IKZjjleTkmDikemRaDZQldDrq8uwTnygV/hC/M=
github.com/gregoryv/asserter v0.4.0 h1:UkV6xSFVb/wvEidJ40Gt6WPSto/ODbtGOKWJ+uVTbZI=
github.com/gregoryv/asserter v0.4.0/go.mod h1:WjMhNLh0zjyvgOQpWWx8Om0n7jlgMzTn7qgKhJeH8ew=
github.com/gregoryv/cmdline v0.5.2-0.20210321191213-95f0b7149ace h1:+NTD4DDJDhFNXkJYznMQxdfcF1hqFJzWoXkc8ohaU5c=
github.com/gregoryv/cmdline v0.5.2-0.20210321191213-95f0b7149ace/go.mod h1:Vuc1PDZWm/dKAJ4w+Y5FsEqWUTg2M/Wppr6gVFozRPQ=
github.com/gregoryv/find v0.0.0-20180328085109-1bbc2d70c482/go.mod h1:/xxQlO62bzxhyabf2iKJzGJa+VAJy25spLI/6ICTrxU=
github.com/gregoryv/find v0.2.0 h1:yCVUbZUAhqRReahLe1WWgsWPe/y28+aPbd754tr1+SU=
github.com/gregoryv/find v0.2.0/go.mod h1:ZxH/FkVt6VM//T7edeCqCc2dJRrLAtCYvtvdM6Hk398=
github.com/gregoryv/gocyclo v0.0.0-20180305144948-0be7902fabdc/go.mod h1:x/QA8cT1gfn/XriQ/CVNX7I8IM4Z2YJAAEWFym2clZI=
github.com/gregoryv/gocyclo v0.1.0 h1:ZRLCMDzJPdeExgQr9nIJDkibEeSLCdXQ8Yj38d09KNE=
github.com/gregoryv/gocyclo v0.1.0/go.mod h1:e1PwkEyshvXjhPGP0RUXqlEXx09aBSSNj0wL8I/P/3I=
github.com/gregoryv/must v0.1.0/go.mod h1:1HQ/4FuSFr52clBKUWSaibQTnZRKnWtbBZRxC5cii1A=
github.com/gregoryv/nexus v0.4.0 h1:8LsAq8VDAhdGWsgudRtoi7vPqBYXja5wk9QttLDq9lc=
github.com/gregoryv/nexus v0.4.0/go.mod h1:DJ2Ia6WpPX26edFW6LCl+9nYyX2h6Ot/kyJ83J+SAL0=
github.com/gregoryv/qual v0.2.1/go.mod h1:5M5kejbZgxtswBGeoXC1yh4CP94W3FFv5o60BflBlnY=
github.com/gregoryv/qual v0.3.1/go.mod h1:dB0ZUMaE5qieQ975kKI7A4CDfg6wgcsPcSlY1SWuq9Y=
github.com/gregoryv/qual v0.4.0 h1:CqXWXavcX0YRbgMaX/kyY96yZFFbYHg1k1+qXK22HJ8=
github.com/gregoryv/qual v0.4.0/go.mod h1:dB0ZUMaE5qieQ975kKI7A4CDfg6wgcsPcSlY1SWuq9Y=
github.com/gregoryv/stamp v0.2.0 h1:03ivTobCyJam1Ipdh6pM8p/I/4kPYtJD8NyHux3QINY=
github.com/gregoryv/stamp v0.2.0/go.mod h1:WshcWN15bpw0R0ZIh1XU2BseKfvpD/gWurz2NF+Mz6U=
github.com/gregoryv/web v0.16.0 h1:FIvOzI71W4MhD7hC5jX9BCegHpjfp77gh0FRBbq8BqU=
github.com/gregoryv/web v0.16.0/go.mod h1:DRjHH1V0vwEGHpzEhb9Y3XrQWioSSOGBz6nJMnHQ2NM=
github.com/gregoryv/wolf v0.7.0 h1:G3ctIIin8Wc4kOoLHmCsKD9oahs8imBpNT1N46NG3sA=
github.com/gregoryv/wolf v0.7.0/go.mod h1:ZoXAExZzPax7lJuck8S/1npj9eROQJM4ocovg3AD9sg=
github.com/gregoryv/workdir v0.2.0/go.mod h1:qX7yFN0yqysNfEr2F5Tta9+5K8oueS/sqBmdiExBoYA=
golang.org/x/net v0.0.0-20210119194325-5f4716e94777 h1:003p0dJM77cxMSyCPFphvZf/Y5/NXf5fzg6ufd1/Oew=
golang.org/x/net v0.0.0-20210119194325-5f4716e94777/go.mod h1:m0MpNAwzfU5UDzcl9v0D8zg8gWTRqZa9RBIspLL5mdg=
golang.org/x/sys v0.0.0-20201119102817-f84b799fce68/go.mod h1:h1NjWce9XRLGQEsW7wpKNCjG9DtNlClVuFLEZdDNbEs=
golang.org/x/term v0.0.0-20201126162022-7de9c90e9dd1/go.mod h1:bj7SfCRtBDWHUb9snDiAeCFNEtKQo2Wmx5Cou7ajbmo=
golang.org/x/text v0.3.3/go.mod h1:5Zoc/QRtKVWzQhOtBMvqHzDpF6irO9z98xDceosuGiQ=
golang.org/x/tools v0.0.0-20180917221912-90fa682c2a6e/go.mod h1:n7NCudcB/nEzxVGmLbDWY5pfWTLqBcC2KZ6jyYvM4mQ=
