github.com/gregoryv/asserter v0.1.0/go.mod h1:iLD46IKZjjleTkmDikemRaDZQldDrq8uwTnygV/hC/M=
github.com/gregoryv/gocyclo v0.0.0-20180305144948-0be7902fabdc/go.mod h1:x/QA8cT1gfn/XriQ/CVNX7I8IM4Z2YJAAEWFym2clZI=
github.com/gregoryv/nexus v0.3.0 h1:/V/TwUbKB/VhS2dt1HMTLWx2mDeaNQyoayPgrS664/g=
github.com/gregoryv/nexus v0.3.0/go.mod h1:DJ2Ia6WpPX26edFW6LCl+9nYyX2h6Ot/kyJ83J+SAL0=
github.com/gregoryv/qual v0.3.1/go.mod h1:dB0ZUMaE5qieQ975kKI7A4CDfg6wgcsPcSlY1SWuq9Y=
github.com/gregoryv/stamp v0.0.0-20181026123752-75f5415f7bf8 h1:TnVTH8X1zhped1J5dExjiz1EHjrokFTQoHLHFN2/vd8=
github.com/gregoryv/stamp v0.0.0-20181026123752-75f5415f7bf8/go.mod h1:znHj4RauVZDo6Kqrubi3MAael79qNLIqkZ8Ssgla/oM=
github.com/gregoryv/stamp v0.2.0 h1:03ivTobCyJam1Ipdh6pM8p/I/4kPYtJD8NyHux3QINY=
github.com/gregoryv/stamp v0.2.0/go.mod h1:WshcWN15bpw0R0ZIh1XU2BseKfvpD/gWurz2NF+Mz6U=
